<?xml version="1.0" encoding="utf-8"?>
<Project ToolsVersion="4.0" xmlns="http://schemas.microsoft.com/developer/msbuild/2003">
  <ItemGroup>
    <Filter Include="Source Files">
      <UniqueIdentifier>{4FC737F1-C7A5-4376-A066-2A32D752A2FF}</UniqueIdentifier>
      <Extensions>cpp;c;cc;cxx;c++;cppm;ixx;def;odl;idl;hpj;bat;asm;asmx</Extensions>
    </Filter>
    <Filter Include="Header Files">
      <UniqueIdentifier>{93995380-89BD-4b04-88EB-625FBE52EBFB}</UniqueIdentifier>
      <Extensions>h;hh;hpp;hxx;h++;hm;inl;inc;ipp;xsd</Extensions>
    </Filter>
    <Filter Include="Resource Files">
      <UniqueIdentifier>{67DA6AB6-F800-4c08-8B7A-83BB121AAD01}</UniqueIdentifier>
      <Extensions>rc;ico;cur;bmp;dlg;rc2;rct;bin;rgs;gif;jpg;jpeg;jpe;resx;tiff;tif;png;wav;mfcribbon-ms</Extensions>
    </Filter>
    <Filter Include="Framework">
      <UniqueIdentifier>{46635a6d-2d1e-40fe-b025-01a99d1e2efe}</UniqueIdentifier>
    </Filter>
    <Filter Include="Framework\SceneManager">
      <UniqueIdentifier>{97e37e05-7783-4bc2-9805-e48e8bcce324}</UniqueIdentifier>
    </Filter>
    <Filter Include="Framework\Core">
      <UniqueIdentifier>{5034373d-2d24-45c9-b992-487bd6da8594}</UniqueIdentifier>
    </Filter>
    <Filter Include="Framework\SceneManager\area2">
      <UniqueIdentifier>{e78f34a5-163a-4ced-a17b-286a86f39fda}</UniqueIdentifier>
    </Filter>
    <Filter Include="Framework\Objects">
      <UniqueIdentifier>{6409b015-5a46-45bc-9fcb-b5fed387d073}</UniqueIdentifier>
    </Filter>
    <Filter Include="Framework\Objects\Static">
      <UniqueIdentifier>{18470958-7dfa-4dd0-a398-57a667139e21}</UniqueIdentifier>
    </Filter>
    <Filter Include="Framework\Objects\Player">
      <UniqueIdentifier>{3e3cdc5e-c12a-4ac0-84c7-effd24d74b00}</UniqueIdentifier>
    </Filter>
    <Filter Include="Framework\Objects\Enemies">
      <UniqueIdentifier>{c15659e1-dde2-489b-ad70-bc429112e771}</UniqueIdentifier>
    </Filter>
    <Filter Include="Framework\Objects\Bullets">
      <UniqueIdentifier>{c714ac65-5a81-4b90-983a-a7c1167df749}</UniqueIdentifier>
    </Filter>
    <Filter Include="Framework\Objects\Items">
      <UniqueIdentifier>{a2a75739-b215-4519-a897-24273b5a4e7c}</UniqueIdentifier>
    </Filter>
    <Filter Include="Framework\Objects\Player\jason">
      <UniqueIdentifier>{d626e1b1-9555-4c4d-a0c7-fa4ad8961465}</UniqueIdentifier>
    </Filter>
    <Filter Include="Framework\Objects\Player\sophia">
      <UniqueIdentifier>{7e2e767b-0822-44a1-8092-04f54c43e9dd}</UniqueIdentifier>
    </Filter>
    <Filter Include="Framework\Objects\Player\overworld">
      <UniqueIdentifier>{21b47d97-fa96-47af-a3f0-a5f7b41573c7}</UniqueIdentifier>
    </Filter>
    <Filter Include="Framework\Core\Grid">
      <UniqueIdentifier>{f777f795-5928-4c10-a0f1-cc14db1f3d05}</UniqueIdentifier>
    </Filter>
    <Filter Include="Framework\Core\CameraAndMap">
      <UniqueIdentifier>{f73eba9b-eaed-447b-a79f-4a9dfad4b414}</UniqueIdentifier>
    </Filter>
    <Filter Include="Framework\Core\Keyboard">
      <UniqueIdentifier>{fc95e11b-8d2e-4823-9175-7db578313137}</UniqueIdentifier>
    </Filter>
    <Filter Include="Framework\Core\Collision">
      <UniqueIdentifier>{6d75c9cf-00b4-43e4-82b8-103e8294d5ef}</UniqueIdentifier>
    </Filter>
    <Filter Include="Framework\SceneManager\overworld">
      <UniqueIdentifier>{2c8815a0-88f5-4662-afbc-b1ae124ab593}</UniqueIdentifier>
    </Filter>
  </ItemGroup>
  <ItemGroup>
    <ClCompile Include="Utils.cpp">
      <Filter>Source Files</Filter>
    </ClCompile>
    <ClCompile Include="Scene.cpp">
      <Filter>Framework\SceneManager</Filter>
    </ClCompile>
    <ClCompile Include="Textures.cpp">
      <Filter>Framework\Core</Filter>
    </ClCompile>
    <ClCompile Include="Sprites.cpp">
      <Filter>Framework\Core</Filter>
    </ClCompile>
    <ClCompile Include="Animations.cpp">
      <Filter>Framework\Core</Filter>
    </ClCompile>
    <ClCompile Include="Area2Scene.cpp">
      <Filter>Framework\SceneManager\area2</Filter>
    </ClCompile>
    <ClCompile Include="GameObject.cpp">
      <Filter>Framework\Objects</Filter>
    </ClCompile>
    <ClCompile Include="Brick.cpp">
      <Filter>Framework\Objects\Static</Filter>
    </ClCompile>
    <ClCompile Include="Portal.cpp">
      <Filter>Framework\Objects\Static</Filter>
    </ClCompile>
    <ClCompile Include="Player.cpp">
      <Filter>Framework\Objects\Player</Filter>
    </ClCompile>
    <ClCompile Include="ChongNhon.cpp">
      <Filter>Framework\Objects\Static</Filter>
    </ClCompile>
    <ClCompile Include="Dome.cpp">
      <Filter>Framework\Objects\Enemies</Filter>
    </ClCompile>
    <ClCompile Include="Worm.cpp">
      <Filter>Framework\Objects\Enemies</Filter>
    </ClCompile>
    <ClCompile Include="Floater.cpp">
      <Filter>Framework\Objects\Enemies</Filter>
    </ClCompile>
    <ClCompile Include="Jumper.cpp">
      <Filter>Framework\Objects\Enemies</Filter>
    </ClCompile>
    <ClCompile Include="Insect.cpp">
      <Filter>Framework\Objects\Enemies</Filter>
    </ClCompile>
    <ClCompile Include="Mine.cpp">
      <Filter>Framework\Objects\Enemies</Filter>
    </ClCompile>
    <ClCompile Include="Orb.cpp">
      <Filter>Framework\Objects\Enemies</Filter>
    </ClCompile>
    <ClCompile Include="Skull.cpp">
      <Filter>Framework\Objects\Enemies</Filter>
    </ClCompile>
    <ClCompile Include="JasonBullet.cpp">
      <Filter>Framework\Objects\Bullets</Filter>
    </ClCompile>
    <ClCompile Include="SophiaBullet.cpp">
      <Filter>Framework\Objects\Bullets</Filter>
    </ClCompile>
    <ClCompile Include="main.cpp">
      <Filter>Framework\Core</Filter>
    </ClCompile>
    <ClCompile Include="Game.cpp">
      <Filter>Framework\Core</Filter>
    </ClCompile>
    <ClCompile Include="CollisionExplosion.cpp">
      <Filter>Framework\Objects</Filter>
    </ClCompile>
    <ClCompile Include="HPItem.cpp">
      <Filter>Framework\Objects\Items</Filter>
    </ClCompile>
    <ClCompile Include="Item.cpp">
      <Filter>Framework\Objects\Items</Filter>
    </ClCompile>
    <ClCompile Include="SophiaStandingState.cpp">
      <Filter>Framework\Objects\Player\sophia</Filter>
    </ClCompile>
    <ClCompile Include="JasonStandingState.cpp">
      <Filter>Framework\Objects\Player\jason</Filter>
    </ClCompile>
    <ClCompile Include="JasonRunningState.cpp">
      <Filter>Framework\Objects\Player\jason</Filter>
    </ClCompile>
    <ClCompile Include="JasonJumpingState.cpp">
      <Filter>Framework\Objects\Player\jason</Filter>
    </ClCompile>
    <ClCompile Include="JasonCrawlingState.cpp">
      <Filter>Framework\Objects\Player\jason</Filter>
    </ClCompile>
    <ClCompile Include="JasonLieingState.cpp">
      <Filter>Framework\Objects\Player\jason</Filter>
    </ClCompile>
    <ClCompile Include="JasonFallingState.cpp">
      <Filter>Framework\Objects\Player\jason</Filter>
    </ClCompile>
    <ClCompile Include="JasonDieState.cpp">
      <Filter>Framework\Objects\Player\jason</Filter>
    </ClCompile>
    <ClCompile Include="SophiaFallingState.cpp">
      <Filter>Framework\Objects\Player\sophia</Filter>
    </ClCompile>
    <ClCompile Include="SophiaDieState.cpp">
      <Filter>Framework\Objects\Player\sophia</Filter>
    </ClCompile>
    <ClCompile Include="SophiaJumpingState.cpp">
      <Filter>Framework\Objects\Player\sophia</Filter>
    </ClCompile>
    <ClCompile Include="SophiaRunningState.cpp">
      <Filter>Framework\Objects\Player\sophia</Filter>
    </ClCompile>
    <ClCompile Include="SophiaDiagonalStandingState.cpp">
      <Filter>Framework\Objects\Player\sophia</Filter>
    </ClCompile>
    <ClCompile Include="SophiaStraightStandingState.cpp">
      <Filter>Framework\Objects\Player\sophia</Filter>
    </ClCompile>
    <ClCompile Include="SophiaStraightRunningState.cpp">
      <Filter>Framework\Objects\Player\sophia</Filter>
    </ClCompile>
    <ClCompile Include="SophiaStraightFallingState.cpp">
      <Filter>Framework\Objects\Player\sophia</Filter>
    </ClCompile>
    <ClCompile Include="SophiaStraightJumpingState.cpp">
      <Filter>Framework\Objects\Player\sophia</Filter>
    </ClCompile>
    <ClCompile Include="FireZone.cpp">
      <Filter>Framework\Objects\Static</Filter>
    </ClCompile>
    <ClCompile Include="SecretWall.cpp">
      <Filter>Framework\Objects\Static</Filter>
    </ClCompile>
    <ClCompile Include="Grid.cpp">
      <Filter>Framework\Core\Grid</Filter>
    </ClCompile>
    <ClCompile Include="GridManager.cpp">
      <Filter>Framework\Core\Grid</Filter>
    </ClCompile>
    <ClCompile Include="Camera.cpp">
      <Filter>Framework\Core\CameraAndMap</Filter>
    </ClCompile>
    <ClCompile Include="Map.cpp">
      <Filter>Framework\Core\CameraAndMap</Filter>
    </ClCompile>
    <ClCompile Include="DoomieOrb.cpp">
      <Filter>Framework\Objects\Enemies</Filter>
    </ClCompile>
    <ClCompile Include="AttackOrb.cpp">
      <Filter>Framework\Objects\Enemies</Filter>
    </ClCompile>
    <ClCompile Include="FloaterBullet.cpp">
      <Filter>Framework\Objects\Bullets</Filter>
    </ClCompile>
    <ClCompile Include="Bomb.cpp">
      <Filter>Framework\Objects\Enemies</Filter>
    </ClCompile>
    <ClCompile Include="JasonClimbingState.cpp">
      <Filter>Framework\Objects\Player\jason</Filter>
    </ClCompile>
    <ClCompile Include="Stair.cpp">
      <Filter>Framework\Objects\Static</Filter>
    </ClCompile>
    <ClCompile Include="Area2OverworldScene.cpp">
      <Filter>Framework\SceneManager\overworld</Filter>
    </ClCompile>
    <ClCompile Include="PlayScenceKeyHandler.cpp">
      <Filter>Framework\Core\Keyboard</Filter>
    </ClCompile>
    <ClCompile Include="ScenceKeyHandler.cpp">
      <Filter>Framework\Core\Keyboard</Filter>
    </ClCompile>
    <ClCompile Include="JasonGoDownState.cpp">
      <Filter>Framework\Objects\Player\overworld</Filter>
    </ClCompile>
    <ClCompile Include="JasonGoUpState.cpp">
      <Filter>Framework\Objects\Player\overworld</Filter>
    </ClCompile>
    <ClCompile Include="JasonGoRightState.cpp">
      <Filter>Framework\Objects\Player\overworld</Filter>
    </ClCompile>
    <ClCompile Include="JasonGoLeftState.cpp">
      <Filter>Framework\Objects\Player\overworld</Filter>
    </ClCompile>
    <ClCompile Include="EyeBall.cpp">
      <Filter>Framework\Objects\Enemies</Filter>
    </ClCompile>
  </ItemGroup>
  <ItemGroup>
    <ClInclude Include="Utils.h">
      <Filter>Header Files</Filter>
    </ClInclude>
    <ClInclude Include="Scene.h">
      <Filter>Framework\SceneManager</Filter>
    </ClInclude>
    <ClInclude Include="Textures.h">
      <Filter>Framework\Core</Filter>
    </ClInclude>
    <ClInclude Include="Sprites.h">
      <Filter>Framework\Core</Filter>
    </ClInclude>
    <ClInclude Include="Animations.h">
      <Filter>Framework\Core</Filter>
    </ClInclude>
    <ClInclude Include="Area2Scene.h">
      <Filter>Framework\SceneManager\area2</Filter>
    </ClInclude>
    <ClInclude Include="GameObject.h">
      <Filter>Framework\Objects</Filter>
    </ClInclude>
    <ClInclude Include="Brick.h">
      <Filter>Framework\Objects\Static</Filter>
    </ClInclude>
    <ClInclude Include="Portal.h">
      <Filter>Framework\Objects\Static</Filter>
    </ClInclude>
    <ClInclude Include="Player.h">
      <Filter>Framework\Objects\Player</Filter>
    </ClInclude>
    <ClInclude Include="GameDefine.h">
      <Filter>Framework</Filter>
    </ClInclude>
    <ClInclude Include="ChongNhon.h">
      <Filter>Framework\Objects\Static</Filter>
    </ClInclude>
    <ClInclude Include="Enemy.h">
      <Filter>Framework\Objects\Enemies</Filter>
    </ClInclude>
    <ClInclude Include="Dome.h">
      <Filter>Framework\Objects\Enemies</Filter>
    </ClInclude>
    <ClInclude Include="Worm.h">
      <Filter>Framework\Objects\Enemies</Filter>
    </ClInclude>
    <ClInclude Include="Floater.h">
      <Filter>Framework\Objects\Enemies</Filter>
    </ClInclude>
    <ClInclude Include="Jumper.h">
      <Filter>Framework\Objects\Enemies</Filter>
    </ClInclude>
    <ClInclude Include="Insect.h">
      <Filter>Framework\Objects\Enemies</Filter>
    </ClInclude>
    <ClInclude Include="Mine.h">
      <Filter>Framework\Objects\Enemies</Filter>
    </ClInclude>
    <ClInclude Include="Skull.h">
      <Filter>Framework\Objects\Enemies</Filter>
    </ClInclude>
    <ClInclude Include="Orb.h">
      <Filter>Framework\Objects\Enemies</Filter>
    </ClInclude>
    <ClInclude Include="Bullet.h">
      <Filter>Framework\Objects\Bullets</Filter>
    </ClInclude>
    <ClInclude Include="JasonBullet.h">
      <Filter>Framework\Objects\Bullets</Filter>
    </ClInclude>
    <ClInclude Include="SophiaBullet.h">
      <Filter>Framework\Objects\Bullets</Filter>
    </ClInclude>
    <ClInclude Include="Game.h">
      <Filter>Framework\Core</Filter>
    </ClInclude>
    <ClInclude Include="CollisionExplosion.h">
      <Filter>Framework\Objects</Filter>
    </ClInclude>
    <ClInclude Include="HPItem.h">
      <Filter>Framework\Objects\Items</Filter>
    </ClInclude>
    <ClInclude Include="Item.h">
      <Filter>Framework\Objects\Items</Filter>
    </ClInclude>
    <ClInclude Include="PlayerState.h">
      <Filter>Framework\Objects\Player</Filter>
    </ClInclude>
    <ClInclude Include="PlayerData.h">
      <Filter>Framework\Objects\Player</Filter>
    </ClInclude>
    <ClInclude Include="SophiaState.h">
      <Filter>Framework\Objects\Player\sophia</Filter>
    </ClInclude>
    <ClInclude Include="SophiaStandingState.h">
      <Filter>Framework\Objects\Player\sophia</Filter>
    </ClInclude>
    <ClInclude Include="JasonState.h">
      <Filter>Framework\Objects\Player\jason</Filter>
    </ClInclude>
    <ClInclude Include="JasonStandingState.h">
      <Filter>Framework\Objects\Player\jason</Filter>
    </ClInclude>
    <ClInclude Include="JasonRunningState.h">
      <Filter>Framework\Objects\Player\jason</Filter>
    </ClInclude>
    <ClInclude Include="JasonJumpingState.h">
      <Filter>Framework\Objects\Player\jason</Filter>
    </ClInclude>
    <ClInclude Include="JasonCrawlingState.h">
      <Filter>Framework\Objects\Player\jason</Filter>
    </ClInclude>
    <ClInclude Include="JasonLieingState.h">
      <Filter>Framework\Objects\Player\jason</Filter>
    </ClInclude>
    <ClInclude Include="JasonFallingState.h">
      <Filter>Framework\Objects\Player\jason</Filter>
    </ClInclude>
    <ClInclude Include="JasonDieState.h">
      <Filter>Framework\Objects\Player\jason</Filter>
    </ClInclude>
    <ClInclude Include="SophiaFallingState.h">
      <Filter>Framework\Objects\Player\sophia</Filter>
    </ClInclude>
    <ClInclude Include="SophiaDieState.h">
      <Filter>Framework\Objects\Player\sophia</Filter>
    </ClInclude>
    <ClInclude Include="SophiaRunningState.h">
      <Filter>Framework\Objects\Player\sophia</Filter>
    </ClInclude>
    <ClInclude Include="SophiaJumpingState.h">
      <Filter>Framework\Objects\Player\sophia</Filter>
    </ClInclude>
    <ClInclude Include="SophiaDiagonalStandingState.h">
      <Filter>Framework\Objects\Player\sophia</Filter>
    </ClInclude>
    <ClInclude Include="SophiaStraightStandingState.h">
      <Filter>Framework\Objects\Player\sophia</Filter>
    </ClInclude>
    <ClInclude Include="SophiaStraightRunningState.h">
      <Filter>Framework\Objects\Player\sophia</Filter>
    </ClInclude>
    <ClInclude Include="SophiaStraightFallingState.h">
      <Filter>Framework\Objects\Player\sophia</Filter>
    </ClInclude>
    <ClInclude Include="SophiaStraightJumpingState.h">
      <Filter>Framework\Objects\Player\sophia</Filter>
    </ClInclude>
    <ClInclude Include="SophiaStraightState.h">
      <Filter>Framework\Objects\Player\sophia</Filter>
    </ClInclude>
    <ClInclude Include="FireZone.h">
      <Filter>Framework\Objects\Static</Filter>
    </ClInclude>
    <ClInclude Include="SecretWall.h">
      <Filter>Framework\Objects\Static</Filter>
    </ClInclude>
    <ClInclude Include="Grid.h">
      <Filter>Framework\Core\Grid</Filter>
    </ClInclude>
    <ClInclude Include="GridManager.h">
      <Filter>Framework\Core\Grid</Filter>
    </ClInclude>
    <ClInclude Include="Camera.h">
      <Filter>Framework\Core\CameraAndMap</Filter>
    </ClInclude>
    <ClInclude Include="Map.h">
      <Filter>Framework\Core\CameraAndMap</Filter>
    </ClInclude>
    <ClInclude Include="KeyEventHandler.h">
      <Filter>Framework\Core\Keyboard</Filter>
    </ClInclude>
    <ClInclude Include="Collision.h">
      <Filter>Framework\Core\Collision</Filter>
    </ClInclude>
    <ClInclude Include="Static.h">
      <Filter>Framework\Objects\Static</Filter>
    </ClInclude>
    <ClInclude Include="DoomieOrb.h">
      <Filter>Framework\Objects\Enemies</Filter>
    </ClInclude>
    <ClInclude Include="AttackOrb.h">
      <Filter>Framework\Objects\Enemies</Filter>
    </ClInclude>
    <ClInclude Include="EnemyBullet.h">
      <Filter>Framework\Objects\Bullets</Filter>
    </ClInclude>
    <ClInclude Include="FloaterBullet.h">
      <Filter>Framework\Objects\Bullets</Filter>
    </ClInclude>
    <ClInclude Include="PlayerBullet.h">
      <Filter>Framework\Objects\Bullets</Filter>
    </ClInclude>
    <ClInclude Include="Bomb.h">
      <Filter>Framework\Objects\Enemies</Filter>
    </ClInclude>
    <ClInclude Include="JasonClimbingState.h">
      <Filter>Framework\Objects\Player\jason</Filter>
    </ClInclude>
    <ClInclude Include="Stair.h">
      <Filter>Framework\Objects\Static</Filter>
    </ClInclude>
    <ClInclude Include="Area2OverworldScene.h">
      <Filter>Framework\SceneManager\overworld</Filter>
    </ClInclude>
    <ClInclude Include="PlayScenceKeyHandler.h">
      <Filter>Framework\Core\Keyboard</Filter>
    </ClInclude>
    <ClInclude Include="ScenceKeyHandler.h">
      <Filter>Framework\Core\Keyboard</Filter>
    </ClInclude>
    <ClInclude Include="JasonGoUpState.h">
      <Filter>Framework\Objects\Player\overworld</Filter>
    </ClInclude>
    <ClInclude Include="JasonGoRightState.h">
      <Filter>Framework\Objects\Player\overworld</Filter>
    </ClInclude>
    <ClInclude Include="JasonGoLeftState.h">
      <Filter>Framework\Objects\Player\overworld</Filter>
    </ClInclude>
    <ClInclude Include="JasonGoDownState.h">
      <Filter>Framework\Objects\Player\overworld</Filter>
    </ClInclude>
    <ClInclude Include="JasonOverworldState.h">
      <Filter>Framework\Objects\Player\overworld</Filter>
    </ClInclude>
    <ClInclude Include="EyeBall.h">
      <Filter>Framework\Objects\Enemies</Filter>
    </ClInclude>
  </ItemGroup>
</Project>